// !$*UTF8*$!
{
	archiveVersion = 1;
	classes = {
	};
	objectVersion = 46;
	objects = {

/* Begin PBXBuildFile section */
		68203C831D9CC0FC004B7D95 /* GoogleService-Info.plist in Resources */ = {isa = PBXBuildFile; fileRef = 68203C821D9CC0FC004B7D95 /* GoogleService-Info.plist */; };
		68203C851D9CC1BA004B7D95 /* ChatViewController.swift in Sources */ = {isa = PBXBuildFile; fileRef = 68203C841D9CC1BA004B7D95 /* ChatViewController.swift */; };
		6846B1D11DA5C77400A58F46 /* PollViewController.swift in Sources */ = {isa = PBXBuildFile; fileRef = 6846B1D01DA5C77400A58F46 /* PollViewController.swift */; };
		686E40FE1DA460DB00443230 /* Screen Shot 2016-05-17 at 7.38.49 PM.png in Resources */ = {isa = PBXBuildFile; fileRef = 686E40FD1DA460DA00443230 /* Screen Shot 2016-05-17 at 7.38.49 PM.png */; };
		687E51991D9C9CD6004EB077 /* AppDelegate.swift in Sources */ = {isa = PBXBuildFile; fileRef = 687E51981D9C9CD6004EB077 /* AppDelegate.swift */; };
		687E519B1D9C9CD6004EB077 /* SignInViewController.swift in Sources */ = {isa = PBXBuildFile; fileRef = 687E519A1D9C9CD6004EB077 /* SignInViewController.swift */; };
		687E519E1D9C9CD6004EB077 /* Main.storyboard in Resources */ = {isa = PBXBuildFile; fileRef = 687E519C1D9C9CD6004EB077 /* Main.storyboard */; };
		687E51A01D9C9CD6004EB077 /* Assets.xcassets in Resources */ = {isa = PBXBuildFile; fileRef = 687E519F1D9C9CD6004EB077 /* Assets.xcassets */; };
		687E51A31D9C9CD6004EB077 /* LaunchScreen.storyboard in Resources */ = {isa = PBXBuildFile; fileRef = 687E51A11D9C9CD6004EB077 /* LaunchScreen.storyboard */; };
		68F65F061DA5D49400496BCE /* ProximaNova-Reg.otf in Resources */ = {isa = PBXBuildFile; fileRef = 68F65F011DA5D47300496BCE /* ProximaNova-Reg.otf */; };
		68F65F071DA5D49400496BCE /* ProximaNovaSoft-Bold.otf in Resources */ = {isa = PBXBuildFile; fileRef = 68F65F021DA5D47300496BCE /* ProximaNovaSoft-Bold.otf */; };
		68F65F081DA5D49400496BCE /* ProximaNova-Sbold.otf in Resources */ = {isa = PBXBuildFile; fileRef = 68F65F031DA5D47300496BCE /* ProximaNova-Sbold.otf */; };
		68F65F091DA5D49400496BCE /* ProximaNovaSoft.otf in Resources */ = {isa = PBXBuildFile; fileRef = 68F65F041DA5D47300496BCE /* ProximaNovaSoft.otf */; };
		68F65F0A1DA5D49400496BCE /* ProximaNovaSoft-Medium.otf in Resources */ = {isa = PBXBuildFile; fileRef = 68F65F051DA5D47300496BCE /* ProximaNovaSoft-Medium.otf */; };
		68F65F0C1DA5DF1500496BCE /* Next Button Image.png in Resources */ = {isa = PBXBuildFile; fileRef = 68F65F0B1DA5DF1500496BCE /* Next Button Image.png */; };
		7E6A6F1910356A2E9FABA8A0 /* Pods_SpinChat.framework in Frameworks */ = {isa = PBXBuildFile; fileRef = 3286DAB26626AEC595768CEC /* Pods_SpinChat.framework */; };
/* End PBXBuildFile section */

/* Begin PBXFileReference section */
		3286DAB26626AEC595768CEC /* Pods_SpinChat.framework */ = {isa = PBXFileReference; explicitFileType = wrapper.framework; includeInIndex = 0; path = Pods_SpinChat.framework; sourceTree = BUILT_PRODUCTS_DIR; };
		68203C7F1D9CBCEA004B7D95 /* SpinChat.entitlements */ = {isa = PBXFileReference; lastKnownFileType = text.plist.entitlements; path = SpinChat.entitlements; sourceTree = "<group>"; };
		68203C821D9CC0FC004B7D95 /* GoogleService-Info.plist */ = {isa = PBXFileReference; fileEncoding = 4; lastKnownFileType = text.plist.xml; path = "GoogleService-Info.plist"; sourceTree = "<group>"; };
		68203C841D9CC1BA004B7D95 /* ChatViewController.swift */ = {isa = PBXFileReference; fileEncoding = 4; lastKnownFileType = sourcecode.swift; path = ChatViewController.swift; sourceTree = "<group>"; };
		6846B1D01DA5C77400A58F46 /* PollViewController.swift */ = {isa = PBXFileReference; fileEncoding = 4; lastKnownFileType = sourcecode.swift; path = PollViewController.swift; sourceTree = "<group>"; };
		686E40FD1DA460DA00443230 /* Screen Shot 2016-05-17 at 7.38.49 PM.png */ = {isa = PBXFileReference; lastKnownFileType = image.png; path = "Screen Shot 2016-05-17 at 7.38.49 PM.png"; sourceTree = "<group>"; };
		687E51951D9C9CD6004EB077 /* SpinChat.app */ = {isa = PBXFileReference; explicitFileType = wrapper.application; includeInIndex = 0; path = SpinChat.app; sourceTree = BUILT_PRODUCTS_DIR; };
		687E51981D9C9CD6004EB077 /* AppDelegate.swift */ = {isa = PBXFileReference; lastKnownFileType = sourcecode.swift; path = AppDelegate.swift; sourceTree = "<group>"; };
		687E519A1D9C9CD6004EB077 /* SignInViewController.swift */ = {isa = PBXFileReference; lastKnownFileType = sourcecode.swift; path = SignInViewController.swift; sourceTree = "<group>"; };
		687E519D1D9C9CD6004EB077 /* Base */ = {isa = PBXFileReference; lastKnownFileType = file.storyboard; name = Base; path = Base.lproj/Main.storyboard; sourceTree = "<group>"; };
		687E519F1D9C9CD6004EB077 /* Assets.xcassets */ = {isa = PBXFileReference; lastKnownFileType = folder.assetcatalog; path = Assets.xcassets; sourceTree = "<group>"; };
		687E51A21D9C9CD6004EB077 /* Base */ = {isa = PBXFileReference; lastKnownFileType = file.storyboard; name = Base; path = Base.lproj/LaunchScreen.storyboard; sourceTree = "<group>"; };
		687E51A41D9C9CD6004EB077 /* Info.plist */ = {isa = PBXFileReference; lastKnownFileType = text.plist.xml; path = Info.plist; sourceTree = "<group>"; };
		68F65F011DA5D47300496BCE /* ProximaNova-Reg.otf */ = {isa = PBXFileReference; lastKnownFileType = file; path = "ProximaNova-Reg.otf"; sourceTree = "<group>"; };
		68F65F021DA5D47300496BCE /* ProximaNovaSoft-Bold.otf */ = {isa = PBXFileReference; lastKnownFileType = file; path = "ProximaNovaSoft-Bold.otf"; sourceTree = "<group>"; };
		68F65F031DA5D47300496BCE /* ProximaNova-Sbold.otf */ = {isa = PBXFileReference; lastKnownFileType = file; path = "ProximaNova-Sbold.otf"; sourceTree = "<group>"; };
		68F65F041DA5D47300496BCE /* ProximaNovaSoft.otf */ = {isa = PBXFileReference; lastKnownFileType = file; path = ProximaNovaSoft.otf; sourceTree = "<group>"; };
		68F65F051DA5D47300496BCE /* ProximaNovaSoft-Medium.otf */ = {isa = PBXFileReference; lastKnownFileType = file; path = "ProximaNovaSoft-Medium.otf"; sourceTree = "<group>"; };
		68F65F0B1DA5DF1500496BCE /* Next Button Image.png */ = {isa = PBXFileReference; lastKnownFileType = image.png; path = "Next Button Image.png"; sourceTree = "<group>"; };
		9AAA8CF1F3634B985253DFEE /* Pods-SpinChat.debug.xcconfig */ = {isa = PBXFileReference; includeInIndex = 1; lastKnownFileType = text.xcconfig; name = "Pods-SpinChat.debug.xcconfig"; path = "Pods/Target Support Files/Pods-SpinChat/Pods-SpinChat.debug.xcconfig"; sourceTree = "<group>"; };
		EA3FBE9DF260580245F86086 /* Pods-SpinChat.release.xcconfig */ = {isa = PBXFileReference; includeInIndex = 1; lastKnownFileType = text.xcconfig; name = "Pods-SpinChat.release.xcconfig"; path = "Pods/Target Support Files/Pods-SpinChat/Pods-SpinChat.release.xcconfig"; sourceTree = "<group>"; };
/* End PBXFileReference section */

/* Begin PBXFrameworksBuildPhase section */
		687E51921D9C9CD6004EB077 /* Frameworks */ = {
			isa = PBXFrameworksBuildPhase;
			buildActionMask = 2147483647;
			files = (
				7E6A6F1910356A2E9FABA8A0 /* Pods_SpinChat.framework in Frameworks */,
			);
			runOnlyForDeploymentPostprocessing = 0;
		};
/* End PBXFrameworksBuildPhase section */

/* Begin PBXGroup section */
		687E518C1D9C9CD6004EB077 = {
			isa = PBXGroup;
			children = (
				687E51971D9C9CD6004EB077 /* SpinChat */,
				687E51961D9C9CD6004EB077 /* Products */,
				B8DD8A7AAC784A212BD2DCBC /* Pods */,
				E9E341D4FB5A20C5E34984B6 /* Frameworks */,
			);
			sourceTree = "<group>";
		};
		687E51961D9C9CD6004EB077 /* Products */ = {
			isa = PBXGroup;
			children = (
				687E51951D9C9CD6004EB077 /* SpinChat.app */,
			);
			name = Products;
			sourceTree = "<group>";
		};
		687E51971D9C9CD6004EB077 /* SpinChat */ = {
			isa = PBXGroup;
			children = (
				68203C7F1D9CBCEA004B7D95 /* SpinChat.entitlements */,
				687E51981D9C9CD6004EB077 /* AppDelegate.swift */,
				687E519A1D9C9CD6004EB077 /* SignInViewController.swift */,
				687E519C1D9C9CD6004EB077 /* Main.storyboard */,
				6846B1D01DA5C77400A58F46 /* PollViewController.swift */,
				68203C841D9CC1BA004B7D95 /* ChatViewController.swift */,
				687E519F1D9C9CD6004EB077 /* Assets.xcassets */,
				687E51A11D9C9CD6004EB077 /* LaunchScreen.storyboard */,
				687E51A41D9C9CD6004EB077 /* Info.plist */,
				68203C821D9CC0FC004B7D95 /* GoogleService-Info.plist */,
				68F65F001DA5D45700496BCE /* Resources */,
			);
			path = SpinChat;
			sourceTree = "<group>";
		};
		68F65F001DA5D45700496BCE /* Resources */ = {
			isa = PBXGroup;
			children = (
				68F65F011DA5D47300496BCE /* ProximaNova-Reg.otf */,
				68F65F021DA5D47300496BCE /* ProximaNovaSoft-Bold.otf */,
				68F65F031DA5D47300496BCE /* ProximaNova-Sbold.otf */,
				68F65F041DA5D47300496BCE /* ProximaNovaSoft.otf */,
				68F65F051DA5D47300496BCE /* ProximaNovaSoft-Medium.otf */,
				68F65F0B1DA5DF1500496BCE /* Next Button Image.png */,
				686E40FD1DA460DA00443230 /* Screen Shot 2016-05-17 at 7.38.49 PM.png */,
			);
			name = Resources;
			sourceTree = "<group>";
		};
		B8DD8A7AAC784A212BD2DCBC /* Pods */ = {
			isa = PBXGroup;
			children = (
				9AAA8CF1F3634B985253DFEE /* Pods-SpinChat.debug.xcconfig */,
				EA3FBE9DF260580245F86086 /* Pods-SpinChat.release.xcconfig */,
			);
			name = Pods;
			sourceTree = "<group>";
		};
		E9E341D4FB5A20C5E34984B6 /* Frameworks */ = {
			isa = PBXGroup;
			children = (
				3286DAB26626AEC595768CEC /* Pods_SpinChat.framework */,
			);
			name = Frameworks;
			sourceTree = "<group>";
		};
/* End PBXGroup section */

/* Begin PBXNativeTarget section */
		687E51941D9C9CD6004EB077 /* SpinChat */ = {
			isa = PBXNativeTarget;
			buildConfigurationList = 687E51A71D9C9CD6004EB077 /* Build configuration list for PBXNativeTarget "SpinChat" */;
			buildPhases = (
				B2FEC97ADE4C3C75F1426BBE /* [CP] Check Pods Manifest.lock */,
				687E51911D9C9CD6004EB077 /* Sources */,
				687E51921D9C9CD6004EB077 /* Frameworks */,
				687E51931D9C9CD6004EB077 /* Resources */,
				684C71BFE77CD6454E233735 /* [CP] Embed Pods Frameworks */,
				1F2CE55790F9CDF8E13D9502 /* [CP] Copy Pods Resources */,
			);
			buildRules = (
			);
			dependencies = (
			);
			name = SpinChat;
			productName = SpinChat;
			productReference = 687E51951D9C9CD6004EB077 /* SpinChat.app */;
			productType = "com.apple.product-type.application";
		};
/* End PBXNativeTarget section */

/* Begin PBXProject section */
		687E518D1D9C9CD6004EB077 /* Project object */ = {
			isa = PBXProject;
			attributes = {
				LastSwiftUpdateCheck = 0800;
				LastUpgradeCheck = 0800;
				ORGANIZATIONNAME = "Spencer Johnson";
				TargetAttributes = {
					687E51941D9C9CD6004EB077 = {
						CreatedOnToolsVersion = 8.0;
						DevelopmentTeam = S9J57RY573;
						ProvisioningStyle = Automatic;
						SystemCapabilities = {
							com.apple.Keychain = {
								enabled = 1;
							};
						};
					};
				};
			};
			buildConfigurationList = 687E51901D9C9CD6004EB077 /* Build configuration list for PBXProject "SpinChat" */;
			compatibilityVersion = "Xcode 3.2";
			developmentRegion = English;
			hasScannedForEncodings = 0;
			knownRegions = (
				en,
				Base,
			);
			mainGroup = 687E518C1D9C9CD6004EB077;
			productRefGroup = 687E51961D9C9CD6004EB077 /* Products */;
			projectDirPath = "";
			projectRoot = "";
			targets = (
				687E51941D9C9CD6004EB077 /* SpinChat */,
			);
		};
/* End PBXProject section */

/* Begin PBXResourcesBuildPhase section */
		687E51931D9C9CD6004EB077 /* Resources */ = {
			isa = PBXResourcesBuildPhase;
			buildActionMask = 2147483647;
			files = (
				68F65F0C1DA5DF1500496BCE /* Next Button Image.png in Resources */,
				68F65F061DA5D49400496BCE /* ProximaNova-Reg.otf in Resources */,
				68F65F071DA5D49400496BCE /* ProximaNovaSoft-Bold.otf in Resources */,
				68F65F081DA5D49400496BCE /* ProximaNova-Sbold.otf in Resources */,
				68F65F091DA5D49400496BCE /* ProximaNovaSoft.otf in Resources */,
				68F65F0A1DA5D49400496BCE /* ProximaNovaSoft-Medium.otf in Resources */,
				687E51A31D9C9CD6004EB077 /* LaunchScreen.storyboard in Resources */,
				68203C831D9CC0FC004B7D95 /* GoogleService-Info.plist in Resources */,
				687E51A01D9C9CD6004EB077 /* Assets.xcassets in Resources */,
				687E519E1D9C9CD6004EB077 /* Main.storyboard in Resources */,
				686E40FE1DA460DB00443230 /* Screen Shot 2016-05-17 at 7.38.49 PM.png in Resources */,
			);
			runOnlyForDeploymentPostprocessing = 0;
		};
/* End PBXResourcesBuildPhase section */

/* Begin PBXShellScriptBuildPhase section */
		1F2CE55790F9CDF8E13D9502 /* [CP] Copy Pods Resources */ = {
			isa = PBXShellScriptBuildPhase;
			buildActionMask = 2147483647;
			files = (
			);
			inputPaths = (
			);
			name = "[CP] Copy Pods Resources";
			outputPaths = (
			);
			runOnlyForDeploymentPostprocessing = 0;
			shellPath = /bin/sh;
			shellScript = "\"${SRCROOT}/Pods/Target Support Files/Pods-SpinChat/Pods-SpinChat-resources.sh\"\n";
			showEnvVarsInLog = 0;
		};
		684C71BFE77CD6454E233735 /* [CP] Embed Pods Frameworks */ = {
			isa = PBXShellScriptBuildPhase;
			buildActionMask = 2147483647;
			files = (
			);
			inputPaths = (
			);
			name = "[CP] Embed Pods Frameworks";
			outputPaths = (
			);
			runOnlyForDeploymentPostprocessing = 0;
			shellPath = /bin/sh;
			shellScript = "\"${SRCROOT}/Pods/Target Support Files/Pods-SpinChat/Pods-SpinChat-frameworks.sh\"\n";
			showEnvVarsInLog = 0;
		};
		B2FEC97ADE4C3C75F1426BBE /* [CP] Check Pods Manifest.lock */ = {
			isa = PBXShellScriptBuildPhase;
			buildActionMask = 2147483647;
			files = (
			);
			inputPaths = (
			);
			name = "[CP] Check Pods Manifest.lock";
			outputPaths = (
			);
			runOnlyForDeploymentPostprocessing = 0;
			shellPath = /bin/sh;
			shellScript = "diff \"${PODS_ROOT}/../Podfile.lock\" \"${PODS_ROOT}/Manifest.lock\" > /dev/null\nif [ $? != 0 ] ; then\n    # print error to STDERR\n    echo \"error: The sandbox is not in sync with the Podfile.lock. Run 'pod install' or update your CocoaPods installation.\" >&2\n    exit 1\nfi\n";
			showEnvVarsInLog = 0;
		};
/* End PBXShellScriptBuildPhase section */

/* Begin PBXSourcesBuildPhase section */
		687E51911D9C9CD6004EB077 /* Sources */ = {
			isa = PBXSourcesBuildPhase;
			buildActionMask = 2147483647;
			files = (
				687E519B1D9C9CD6004EB077 /* SignInViewController.swift in Sources */,
				6846B1D11DA5C77400A58F46 /* PollViewController.swift in Sources */,
				68203C851D9CC1BA004B7D95 /* ChatViewController.swift in Sources */,
				687E51991D9C9CD6004EB077 /* AppDelegate.swift in Sources */,
			);
			runOnlyForDeploymentPostprocessing = 0;
		};
/* End PBXSourcesBuildPhase section */

/* Begin PBXVariantGroup section */
		687E519C1D9C9CD6004EB077 /* Main.storyboard */ = {
			isa = PBXVariantGroup;
			children = (
				687E519D1D9C9CD6004EB077 /* Base */,
			);
			name = Main.storyboard;
			sourceTree = "<group>";
		};
		687E51A11D9C9CD6004EB077 /* LaunchScreen.storyboard */ = {
			isa = PBXVariantGroup;
			children = (
				687E51A21D9C9CD6004EB077 /* Base */,
			);
			name = LaunchScreen.storyboard;
			sourceTree = "<group>";
		};
/* End PBXVariantGroup section */

/* Begin XCBuildConfiguration section */
		687E51A51D9C9CD6004EB077 /* Debug */ = {
			isa = XCBuildConfiguration;
			buildSettings = {
				ALWAYS_SEARCH_USER_PATHS = NO;
				CLANG_ANALYZER_NONNULL = YES;
				CLANG_CXX_LANGUAGE_STANDARD = "gnu++0x";
				CLANG_CXX_LIBRARY = "libc++";
				CLANG_ENABLE_MODULES = YES;
				CLANG_ENABLE_OBJC_ARC = YES;
				CLANG_WARN_BOOL_CONVERSION = YES;
				CLANG_WARN_CONSTANT_CONVERSION = YES;
				CLANG_WARN_DIRECT_OBJC_ISA_USAGE = YES_ERROR;
				CLANG_WARN_DOCUMENTATION_COMMENTS = YES;
				CLANG_WARN_EMPTY_BODY = YES;
				CLANG_WARN_ENUM_CONVERSION = YES;
				CLANG_WARN_INFINITE_RECURSION = YES;
				CLANG_WARN_INT_CONVERSION = YES;
				CLANG_WARN_OBJC_ROOT_CLASS = YES_ERROR;
				CLANG_WARN_SUSPICIOUS_MOVES = YES;
				CLANG_WARN_UNREACHABLE_CODE = YES;
				CLANG_WARN__DUPLICATE_METHOD_MATCH = YES;
				"CODE_SIGN_IDENTITY[sdk=iphoneos*]" = "iPhone Developer";
				COPY_PHASE_STRIP = NO;
				DEBUG_INFORMATION_FORMAT = dwarf;
				ENABLE_STRICT_OBJC_MSGSEND = YES;
				ENABLE_TESTABILITY = YES;
				GCC_C_LANGUAGE_STANDARD = gnu99;
				GCC_DYNAMIC_NO_PIC = NO;
				GCC_NO_COMMON_BLOCKS = YES;
				GCC_OPTIMIZATION_LEVEL = 0;
				GCC_PREPROCESSOR_DEFINITIONS = (
					"DEBUG=1",
					"$(inherited)",
				);
				GCC_WARN_64_TO_32_BIT_CONVERSION = YES;
				GCC_WARN_ABOUT_RETURN_TYPE = YES_ERROR;
				GCC_WARN_UNDECLARED_SELECTOR = YES;
				GCC_WARN_UNINITIALIZED_AUTOS = YES_AGGRESSIVE;
				GCC_WARN_UNUSED_FUNCTION = YES;
				GCC_WARN_UNUSED_VARIABLE = YES;
				IPHONEOS_DEPLOYMENT_TARGET = 10.0;
				MTL_ENABLE_DEBUG_INFO = YES;
				ONLY_ACTIVE_ARCH = YES;
				SDKROOT = iphoneos;
				SWIFT_ACTIVE_COMPILATION_CONDITIONS = DEBUG;
				SWIFT_OPTIMIZATION_LEVEL = "-Onone";
				TARGETED_DEVICE_FAMILY = "1,2";
			};
			name = Debug;
		};
		687E51A61D9C9CD6004EB077 /* Release */ = {
			isa = XCBuildConfiguration;
			buildSettings = {
				ALWAYS_SEARCH_USER_PATHS = NO;
				CLANG_ANALYZER_NONNULL = YES;
				CLANG_CXX_LANGUAGE_STANDARD = "gnu++0x";
				CLANG_CXX_LIBRARY = "libc++";
				CLANG_ENABLE_MODULES = YES;
				CLANG_ENABLE_OBJC_ARC = YES;
				CLANG_WARN_BOOL_CONVERSION = YES;
				CLANG_WARN_CONSTANT_CONVERSION = YES;
				CLANG_WARN_DIRECT_OBJC_ISA_USAGE = YES_ERROR;
				CLANG_WARN_DOCUMENTATION_COMMENTS = YES;
				CLANG_WARN_EMPTY_BODY = YES;
				CLANG_WARN_ENUM_CONVERSION = YES;
				CLANG_WARN_INFINITE_RECURSION = YES;
				CLANG_WARN_INT_CONVERSION = YES;
				CLANG_WARN_OBJC_ROOT_CLASS = YES_ERROR;
				CLANG_WARN_SUSPICIOUS_MOVES = YES;
				CLANG_WARN_UNREACHABLE_CODE = YES;
				CLANG_WARN__DUPLICATE_METHOD_MATCH = YES;
				"CODE_SIGN_IDENTITY[sdk=iphoneos*]" = "iPhone Developer";
				COPY_PHASE_STRIP = NO;
				DEBUG_INFORMATION_FORMAT = "dwarf-with-dsym";
				ENABLE_NS_ASSERTIONS = NO;
				ENABLE_STRICT_OBJC_MSGSEND = YES;
				GCC_C_LANGUAGE_STANDARD = gnu99;
				GCC_NO_COMMON_BLOCKS = YES;
				GCC_WARN_64_TO_32_BIT_CONVERSION = YES;
				GCC_WARN_ABOUT_RETURN_TYPE = YES_ERROR;
				GCC_WARN_UNDECLARED_SELECTOR = YES;
				GCC_WARN_UNINITIALIZED_AUTOS = YES_AGGRESSIVE;
				GCC_WARN_UNUSED_FUNCTION = YES;
				GCC_WARN_UNUSED_VARIABLE = YES;
				IPHONEOS_DEPLOYMENT_TARGET = 10.0;
				MTL_ENABLE_DEBUG_INFO = NO;
				SDKROOT = iphoneos;
				SWIFT_OPTIMIZATION_LEVEL = "-Owholemodule";
				TARGETED_DEVICE_FAMILY = "1,2";
				VALIDATE_PRODUCT = YES;
			};
			name = Release;
		};
		687E51A81D9C9CD6004EB077 /* Debug */ = {
			isa = XCBuildConfiguration;
			baseConfigurationReference = 9AAA8CF1F3634B985253DFEE /* Pods-SpinChat.debug.xcconfig */;
			buildSettings = {
				ASSETCATALOG_COMPILER_APPICON_NAME = AppIcon;
				CODE_SIGN_ENTITLEMENTS = SpinChat/SpinChat.entitlements;
				DEVELOPMENT_TEAM = S9J57RY573;
				INFOPLIST_FILE = SpinChat/Info.plist;
				LD_RUNPATH_SEARCH_PATHS = "$(inherited) @executable_path/Frameworks";
				PRODUCT_BUNDLE_IDENTIFIER = SMJ.SpinChat;
				PRODUCT_NAME = "$(TARGET_NAME)";
				SWIFT_VERSION = 3.0;
			};
			name = Debug;
		};
		687E51A91D9C9CD6004EB077 /* Release */ = {
			isa = XCBuildConfiguration;
			baseConfigurationReference = EA3FBE9DF260580245F86086 /* Pods-SpinChat.release.xcconfig */;
			buildSettings = {
				ASSETCATALOG_COMPILER_APPICON_NAME = AppIcon;
				CODE_SIGN_ENTITLEMENTS = SpinChat/SpinChat.entitlements;
				DEVELOPMENT_TEAM = S9J57RY573;
				INFOPLIST_FILE = SpinChat/Info.plist;
				LD_RUNPATH_SEARCH_PATHS = "$(inherited) @executable_path/Frameworks";
				PRODUCT_BUNDLE_IDENTIFIER = SMJ.SpinChat;
				PRODUCT_NAME = "$(TARGET_NAME)";
				SWIFT_VERSION = 3.0;
			};
			name = Release;
		};
/* End XCBuildConfiguration section */

/* Begin XCConfigurationList section */
		687E51901D9C9CD6004EB077 /* Build configuration list for PBXProject "SpinChat" */ = {
			isa = XCConfigurationList;
			buildConfigurations = (
				687E51A51D9C9CD6004EB077 /* Debug */,
				687E51A61D9C9CD6004EB077 /* Release */,
			);
			defaultConfigurationIsVisible = 0;
			defaultConfigurationName = Release;
		};
		687E51A71D9C9CD6004EB077 /* Build configuration list for PBXNativeTarget "SpinChat" */ = {
			isa = XCConfigurationList;
			buildConfigurations = (
				687E51A81D9C9CD6004EB077 /* Debug */,
				687E51A91D9C9CD6004EB077 /* Release */,
			);
			defaultConfigurationIsVisible = 0;
			defaultConfigurationName = Release;
		};
/* End XCConfigurationList section */
	};
	rootObject = 687E518D1D9C9CD6004EB077 /* Project object */;
}
